
Microsoft Visual Studio Solution File, Format Version 12.00
# Visual Studio 15
VisualStudioVersion = 15.0.27130.2026
MinimumVisualStudioVersion = 10.0.40219.1
Project("{FAE04EC0-301F-11D3-BF4B-00C04F79EFBC}") = "BMIcalculator", "BMIcalculator\BMIcalculator.csproj", "{60050CC6-DEBF-4225-A416-79FA133B1F2A}"
EndProject
Global
	GlobalSection(SolutionConfigurationPlatforms) = preSolution
		Debug|Any CPU = Debug|Any CPU
		Release|Any CPU = Release|Any CPU
	EndGlobalSection
	GlobalSection(ProjectConfigurationPlatforms) = postSolution
		{60050CC6-DEBF-4225-A416-79FA133B1F2A}.Debug|Any CPU.ActiveCfg = Debug|Any CPU
		{60050CC6-DEBF-4225-A416-79FA133B1F2A}.Debug|Any CPU.Build.0 = Debug|Any CPU
		{60050CC6-DEBF-4225-A416-79FA133B1F2A}.Release|Any CPU.ActiveCfg = Release|Any CPU
		{60050CC6-DEBF-4225-A416-79FA133B1F2A}.Release|Any CPU.Build.0 = Release|Any CPU
	EndGlobalSection
	GlobalSection(SolutionProperties) = preSolution
		HideSolutionNode = FALSE
	EndGlobalSection
	GlobalSection(ExtensibilityGlobals) = postSolution
		SolutionGuid = {D08E1AB4-DCD5-4649-A992-775112015B0B}
	EndGlobalSection
EndGlobal
